<?xml version="1.0" encoding="utf-8"?>
<Project ToolsVersion="4.0" xmlns="http://schemas.microsoft.com/developer/msbuild/2003">
  <ItemGroup>
    <Filter Include="Source Files">
      <UniqueIdentifier>{4FC737F1-C7A5-4376-A066-2A32D752A2FF}</UniqueIdentifier>
      <Extensions>cpp;c;cc;cxx;def;odl;idl;hpj;bat;asm;asmx</Extensions>
    </Filter>
    <Filter Include="Header Files">
      <UniqueIdentifier>{93995380-89BD-4b04-88EB-625FBE52EBFB}</UniqueIdentifier>
      <Extensions>h;hh;hpp;hxx;hm;inl;inc;ipp;xsd</Extensions>
    </Filter>
    <Filter Include="Resource Files">
      <UniqueIdentifier>{67DA6AB6-F800-4c08-8B7A-83BB121AAD01}</UniqueIdentifier>
      <Extensions>rc;ico;cur;bmp;dlg;rc2;rct;bin;rgs;gif;jpg;jpeg;jpe;resx;tiff;tif;png;wav;mfcribbon-ms</Extensions>
    </Filter>
    <Filter Include="test">
      <UniqueIdentifier>{534a85c1-fcee-4ee0-bf47-df8639a4614d}</UniqueIdentifier>
    </Filter>
    <Filter Include="test\test1">
      <UniqueIdentifier>{00d8e86d-8f94-4ed9-bd20-a9a8c703f8bf}</UniqueIdentifier>
    </Filter>
    <Filter Include="test\test2">
      <UniqueIdentifier>{6214a831-457f-4e32-b6f2-36a103a5d281}</UniqueIdentifier>
    </Filter>
    <Filter Include="test\Original">
      <UniqueIdentifier>{8b37209c-47c2-4e14-accf-ae27db12aceb}</UniqueIdentifier>
    </Filter>
  </ItemGroup>
  <ItemGroup>
    <ClInclude Include="LiveRTSPClient.h">
      <Filter>Header Files</Filter>
    </ClInclude>
    <ClInclude Include="H265RTSPClient.hpp">
      <Filter>test\test1</Filter>
    </ClInclude>
    <ClInclude Include="SDLVideoSink.hpp">
      <Filter>test\test1</Filter>
    </ClInclude>
    <ClInclude Include="StreamClientState.hpp">
      <Filter>test\test1</Filter>
    </ClInclude>
    <ClInclude Include="new_sample\inputstream.hpp">
      <Filter>test\test2</Filter>
    </ClInclude>
    <ClInclude Include="new_sample\outputstream.hpp">
      <Filter>test\test2</Filter>
    </ClInclude>
    <ClInclude Include="new_sample\rtsp.hpp">
      <Filter>test\test2</Filter>
    </ClInclude>
    <ClInclude Include="new_sample\socket.hpp">
      <Filter>test\test2</Filter>
    </ClInclude>
    <ClInclude Include="new_sample\tcp.hpp">
      <Filter>test\test2</Filter>
    </ClInclude>
    <ClInclude Include="Our_RTSP_Client.h">
      <Filter>test\test1</Filter>
    </ClInclude>
    <ClInclude Include="RTSP_Client.h">
      <Filter>Header Files</Filter>
    </ClInclude>
    <ClInclude Include="Original_Sample.h">
      <Filter>test\Original</Filter>
    </ClInclude>
    <ClInclude Include="Another\Original\ori_RTSPClient.hh">
      <Filter>test\Original</Filter>
    </ClInclude>
  </ItemGroup>
  <ItemGroup>
    <ClCompile Include="RTSPClient.cpp">
      <Filter>Source Files</Filter>
    </ClCompile>
    <ClCompile Include="main.cpp">
      <Filter>Source Files</Filter>
    </ClCompile>
    <ClCompile Include="LiveRTSPClient.cpp">
      <Filter>Source Files</Filter>
    </ClCompile>
    <ClCompile Include="H265RTSPClient.cpp">
      <Filter>test\test1</Filter>
    </ClCompile>
    <ClCompile Include="s_main.cpp">
      <Filter>test\test1</Filter>
    </ClCompile>
    <ClCompile Include="SDLVideoSink.cpp">
      <Filter>test\test1</Filter>
    </ClCompile>
    <ClCompile Include="StreamClientState.cpp">
      <Filter>test\test1</Filter>
    </ClCompile>
    <ClCompile Include="new_sample\app.cpp">
      <Filter>test\test2</Filter>
    </ClCompile>
    <ClCompile Include="new_sample\inputstream.cpp">
      <Filter>test\test2</Filter>
    </ClCompile>
    <ClCompile Include="new_sample\outputstream.cpp">
      <Filter>test\test2</Filter>
    </ClCompile>
    <ClCompile Include="new_sample\rtsp.cpp">
      <Filter>test\test2</Filter>
    </ClCompile>
    <ClCompile Include="new_sample\socket.cpp">
      <Filter>test\test2</Filter>
    </ClCompile>
    <ClCompile Include="new_sample\tcp.cpp">
      <Filter>test\test2</Filter>
    </ClCompile>
    <ClCompile Include="Our_RTSP_Client.cpp">
      <Filter>test\test1</Filter>
    </ClCompile>
    <ClCompile Include="Original_Sample.cpp">
      <Filter>test\Original</Filter>
    </ClCompile>
    <ClCompile Include="Another\Original\ori_RTSPClient.cpp">
      <Filter>test\Original</Filter>
    </ClCompile>
  </ItemGroup>
</Project>