
Microsoft Visual Studio Solution File, Format Version 12.00
# Visual Studio 15
VisualStudioVersion = 15.0.28307.572
MinimumVisualStudioVersion = 10.0.40219.1
Project("{8BC9CEB8-8B4A-11D0-8D11-00A0C91BC942}") = "OpenGL", "OpenGL\OpenGL.vcxproj", "{9F6D1164-1E89-4033-AF32-67BC3EC2AFE7}"
EndProject
Project("{8BC9CEB8-8B4A-11D0-8D11-00A0C91BC942}") = "OCR_Test", "OCR_Tets\OCR_Tets.vcxproj", "{A5DEB15B-AE82-4D64-AAF3-3F9C4C420028}"
EndProject
Project("{8BC9CEB8-8B4A-11D0-8D11-00A0C91BC942}") = "DllTest", "DllTest\DllTest.vcxproj", "{2A18542B-8C31-40CE-8F8F-1C2F26922E6C}"
EndProject
Project("{8BC9CEB8-8B4A-11D0-8D11-00A0C91BC942}") = "DLLCallTest", "DLLCallTest\DLLCallTest.vcxproj", "{88BC1B29-E612-4DC8-ACE5-2D7D5E4C3607}"
EndProject
Project("{2150E333-8FDC-42A3-9474-1A3956D46DE8}") = "Solution Items", "Solution Items", "{556ACCD1-F35F-4CC0-88BF-09F8715824B2}"
EndProject
Project("{8BC9CEB8-8B4A-11D0-8D11-00A0C91BC942}") = "MemoryDetect", "MemoryDetect\MemoryDetect.vcxproj", "{46C8ECE2-C5DF-4824-ACA9-75F741A5155E}"
EndProject
Project("{2150E333-8FDC-42A3-9474-1A3956D46DE8}") = "OCR", "OCR", "{4D2D49E5-3B2B-4DE7-8AA8-0888E9EF0C93}"
EndProject
Project("{2150E333-8FDC-42A3-9474-1A3956D46DE8}") = "Capture", "Capture", "{9AB2D55B-7D76-48DC-AEBB-328412F32ED1}"
EndProject
Project("{2150E333-8FDC-42A3-9474-1A3956D46DE8}") = "Use", "Use", "{E9E1E388-72BC-4287-BC89-1DA0E64C8F0F}"
EndProject
Project("{8BC9CEB8-8B4A-11D0-8D11-00A0C91BC942}") = "DXCapture", "DXCapture\DXCapture.vcxproj", "{936AFA87-B642-4F7D-BEEA-916DE5B9C3E6}"
EndProject
Global
	GlobalSection(SolutionConfigurationPlatforms) = preSolution
		Debug|ARM = Debug|ARM
		Debug|Win32 = Debug|Win32
		Debug|x64 = Debug|x64
		Debug|x86 = Debug|x86
		Release|ARM = Release|ARM
		Release|Win32 = Release|Win32
		Release|x64 = Release|x64
		Release|x86 = Release|x86
	EndGlobalSection
	GlobalSection(ProjectConfigurationPlatforms) = postSolution
		{9F6D1164-1E89-4033-AF32-67BC3EC2AFE7}.Debug|ARM.ActiveCfg = Debug|Win32
		{9F6D1164-1E89-4033-AF32-67BC3EC2AFE7}.Debug|Win32.ActiveCfg = Debug|Win32
		{9F6D1164-1E89-4033-AF32-67BC3EC2AFE7}.Debug|Win32.Build.0 = Debug|Win32
		{9F6D1164-1E89-4033-AF32-67BC3EC2AFE7}.Debug|x64.ActiveCfg = Debug|x64
		{9F6D1164-1E89-4033-AF32-67BC3EC2AFE7}.Debug|x64.Build.0 = Debug|x64
		{9F6D1164-1E89-4033-AF32-67BC3EC2AFE7}.Debug|x86.ActiveCfg = Debug|Win32
		{9F6D1164-1E89-4033-AF32-67BC3EC2AFE7}.Debug|x86.Build.0 = Debug|Win32
		{9F6D1164-1E89-4033-AF32-67BC3EC2AFE7}.Release|ARM.ActiveCfg = Release|Win32
		{9F6D1164-1E89-4033-AF32-67BC3EC2AFE7}.Release|Win32.ActiveCfg = Release|Win32
		{9F6D1164-1E89-4033-AF32-67BC3EC2AFE7}.Release|Win32.Build.0 = Release|Win32
		{9F6D1164-1E89-4033-AF32-67BC3EC2AFE7}.Release|x64.ActiveCfg = Release|x64
		{9F6D1164-1E89-4033-AF32-67BC3EC2AFE7}.Release|x64.Build.0 = Release|x64
		{9F6D1164-1E89-4033-AF32-67BC3EC2AFE7}.Release|x86.ActiveCfg = Release|Win32
		{9F6D1164-1E89-4033-AF32-67BC3EC2AFE7}.Release|x86.Build.0 = Release|Win32
		{A5DEB15B-AE82-4D64-AAF3-3F9C4C420028}.Debug|ARM.ActiveCfg = Debug|Win32
		{A5DEB15B-AE82-4D64-AAF3-3F9C4C420028}.Debug|Win32.ActiveCfg = Debug|Win32
		{A5DEB15B-AE82-4D64-AAF3-3F9C4C420028}.Debug|Win32.Build.0 = Debug|Win32
		{A5DEB15B-AE82-4D64-AAF3-3F9C4C420028}.Debug|x64.ActiveCfg = Debug|x64
		{A5DEB15B-AE82-4D64-AAF3-3F9C4C420028}.Debug|x64.Build.0 = Debug|x64
		{A5DEB15B-AE82-4D64-AAF3-3F9C4C420028}.Debug|x86.ActiveCfg = Debug|Win32
		{A5DEB15B-AE82-4D64-AAF3-3F9C4C420028}.Debug|x86.Build.0 = Debug|Win32
		{A5DEB15B-AE82-4D64-AAF3-3F9C4C420028}.Release|ARM.ActiveCfg = Release|Win32
		{A5DEB15B-AE82-4D64-AAF3-3F9C4C420028}.Release|Win32.ActiveCfg = Release|Win32
		{A5DEB15B-AE82-4D64-AAF3-3F9C4C420028}.Release|Win32.Build.0 = Release|Win32
		{A5DEB15B-AE82-4D64-AAF3-3F9C4C420028}.Release|x64.ActiveCfg = Release|x64
		{A5DEB15B-AE82-4D64-AAF3-3F9C4C420028}.Release|x64.Build.0 = Release|x64
		{A5DEB15B-AE82-4D64-AAF3-3F9C4C420028}.Release|x86.ActiveCfg = Release|Win32
		{A5DEB15B-AE82-4D64-AAF3-3F9C4C420028}.Release|x86.Build.0 = Release|Win32
		{2A18542B-8C31-40CE-8F8F-1C2F26922E6C}.Debug|ARM.ActiveCfg = Debug|Win32
		{2A18542B-8C31-40CE-8F8F-1C2F26922E6C}.Debug|Win32.ActiveCfg = Debug|Win32
		{2A18542B-8C31-40CE-8F8F-1C2F26922E6C}.Debug|Win32.Build.0 = Debug|Win32
		{2A18542B-8C31-40CE-8F8F-1C2F26922E6C}.Debug|x64.ActiveCfg = Debug|x64
		{2A18542B-8C31-40CE-8F8F-1C2F26922E6C}.Debug|x64.Build.0 = Debug|x64
		{2A18542B-8C31-40CE-8F8F-1C2F26922E6C}.Debug|x86.ActiveCfg = Debug|Win32
		{2A18542B-8C31-40CE-8F8F-1C2F26922E6C}.Debug|x86.Build.0 = Debug|Win32
		{2A18542B-8C31-40CE-8F8F-1C2F26922E6C}.Release|ARM.ActiveCfg = Release|Win32
		{2A18542B-8C31-40CE-8F8F-1C2F26922E6C}.Release|Win32.ActiveCfg = Release|Win32
		{2A18542B-8C31-40CE-8F8F-1C2F26922E6C}.Release|Win32.Build.0 = Release|Win32
		{2A18542B-8C31-40CE-8F8F-1C2F26922E6C}.Release|x64.ActiveCfg = Release|x64
		{2A18542B-8C31-40CE-8F8F-1C2F26922E6C}.Release|x64.Build.0 = Release|x64
		{2A18542B-8C31-40CE-8F8F-1C2F26922E6C}.Release|x86.ActiveCfg = Release|Win32
		{2A18542B-8C31-40CE-8F8F-1C2F26922E6C}.Release|x86.Build.0 = Release|Win32
		{88BC1B29-E612-4DC8-ACE5-2D7D5E4C3607}.Debug|ARM.ActiveCfg = Debug|Win32
		{88BC1B29-E612-4DC8-ACE5-2D7D5E4C3607}.Debug|Win32.ActiveCfg = Debug|Win32
		{88BC1B29-E612-4DC8-ACE5-2D7D5E4C3607}.Debug|Win32.Build.0 = Debug|Win32
		{88BC1B29-E612-4DC8-ACE5-2D7D5E4C3607}.Debug|x64.ActiveCfg = Debug|x64
		{88BC1B29-E612-4DC8-ACE5-2D7D5E4C3607}.Debug|x64.Build.0 = Debug|x64
		{88BC1B29-E612-4DC8-ACE5-2D7D5E4C3607}.Debug|x86.ActiveCfg = Debug|Win32
		{88BC1B29-E612-4DC8-ACE5-2D7D5E4C3607}.Debug|x86.Build.0 = Debug|Win32
		{88BC1B29-E612-4DC8-ACE5-2D7D5E4C3607}.Release|ARM.ActiveCfg = Release|Win32
		{88BC1B29-E612-4DC8-ACE5-2D7D5E4C3607}.Release|Win32.ActiveCfg = Release|Win32
		{88BC1B29-E612-4DC8-ACE5-2D7D5E4C3607}.Release|Win32.Build.0 = Release|Win32
		{88BC1B29-E612-4DC8-ACE5-2D7D5E4C3607}.Release|x64.ActiveCfg = Release|x64
		{88BC1B29-E612-4DC8-ACE5-2D7D5E4C3607}.Release|x64.Build.0 = Release|x64
		{88BC1B29-E612-4DC8-ACE5-2D7D5E4C3607}.Release|x86.ActiveCfg = Release|Win32
		{88BC1B29-E612-4DC8-ACE5-2D7D5E4C3607}.Release|x86.Build.0 = Release|Win32
		{46C8ECE2-C5DF-4824-ACA9-75F741A5155E}.Debug|ARM.ActiveCfg = Debug|Win32
		{46C8ECE2-C5DF-4824-ACA9-75F741A5155E}.Debug|Win32.ActiveCfg = Debug|Win32
		{46C8ECE2-C5DF-4824-ACA9-75F741A5155E}.Debug|Win32.Build.0 = Debug|Win32
		{46C8ECE2-C5DF-4824-ACA9-75F741A5155E}.Debug|x64.ActiveCfg = Debug|x64
		{46C8ECE2-C5DF-4824-ACA9-75F741A5155E}.Debug|x64.Build.0 = Debug|x64
		{46C8ECE2-C5DF-4824-ACA9-75F741A5155E}.Debug|x86.ActiveCfg = Debug|Win32
		{46C8ECE2-C5DF-4824-ACA9-75F741A5155E}.Debug|x86.Build.0 = Debug|Win32
		{46C8ECE2-C5DF-4824-ACA9-75F741A5155E}.Release|ARM.ActiveCfg = Release|Win32
		{46C8ECE2-C5DF-4824-ACA9-75F741A5155E}.Release|Win32.ActiveCfg = Release|Win32
		{46C8ECE2-C5DF-4824-ACA9-75F741A5155E}.Release|Win32.Build.0 = Release|Win32
		{46C8ECE2-C5DF-4824-ACA9-75F741A5155E}.Release|x64.ActiveCfg = Release|x64
		{46C8ECE2-C5DF-4824-ACA9-75F741A5155E}.Release|x64.Build.0 = Release|x64
		{46C8ECE2-C5DF-4824-ACA9-75F741A5155E}.Release|x86.ActiveCfg = Release|Win32
		{46C8ECE2-C5DF-4824-ACA9-75F741A5155E}.Release|x86.Build.0 = Release|Win32
		{936AFA87-B642-4F7D-BEEA-916DE5B9C3E6}.Debug|ARM.ActiveCfg = Debug|Win32
		{936AFA87-B642-4F7D-BEEA-916DE5B9C3E6}.Debug|Win32.ActiveCfg = Debug|x64
		{936AFA87-B642-4F7D-BEEA-916DE5B9C3E6}.Debug|Win32.Build.0 = Debug|x64
		{936AFA87-B642-4F7D-BEEA-916DE5B9C3E6}.Debug|x64.ActiveCfg = Debug|x64
		{936AFA87-B642-4F7D-BEEA-916DE5B9C3E6}.Debug|x64.Build.0 = Debug|x64
		{936AFA87-B642-4F7D-BEEA-916DE5B9C3E6}.Debug|x86.ActiveCfg = Debug|Win32
		{936AFA87-B642-4F7D-BEEA-916DE5B9C3E6}.Debug|x86.Build.0 = Debug|Win32
		{936AFA87-B642-4F7D-BEEA-916DE5B9C3E6}.Release|ARM.ActiveCfg = Release|Win32
		{936AFA87-B642-4F7D-BEEA-916DE5B9C3E6}.Release|Win32.ActiveCfg = Release|Win32
		{936AFA87-B642-4F7D-BEEA-916DE5B9C3E6}.Release|Win32.Build.0 = Release|Win32
		{936AFA87-B642-4F7D-BEEA-916DE5B9C3E6}.Release|x64.ActiveCfg = Release|x64
		{936AFA87-B642-4F7D-BEEA-916DE5B9C3E6}.Release|x64.Build.0 = Release|x64
		{936AFA87-B642-4F7D-BEEA-916DE5B9C3E6}.Release|x86.ActiveCfg = Release|Win32
		{936AFA87-B642-4F7D-BEEA-916DE5B9C3E6}.Release|x86.Build.0 = Release|Win32
	EndGlobalSection
	GlobalSection(SolutionProperties) = preSolution
		HideSolutionNode = FALSE
	EndGlobalSection
	GlobalSection(NestedProjects) = preSolution
		{9F6D1164-1E89-4033-AF32-67BC3EC2AFE7} = {9AB2D55B-7D76-48DC-AEBB-328412F32ED1}
		{A5DEB15B-AE82-4D64-AAF3-3F9C4C420028} = {E9E1E388-72BC-4287-BC89-1DA0E64C8F0F}
		{2A18542B-8C31-40CE-8F8F-1C2F26922E6C} = {E9E1E388-72BC-4287-BC89-1DA0E64C8F0F}
		{88BC1B29-E612-4DC8-ACE5-2D7D5E4C3607} = {4D2D49E5-3B2B-4DE7-8AA8-0888E9EF0C93}
		{46C8ECE2-C5DF-4824-ACA9-75F741A5155E} = {4D2D49E5-3B2B-4DE7-8AA8-0888E9EF0C93}
		{4D2D49E5-3B2B-4DE7-8AA8-0888E9EF0C93} = {556ACCD1-F35F-4CC0-88BF-09F8715824B2}
		{9AB2D55B-7D76-48DC-AEBB-328412F32ED1} = {556ACCD1-F35F-4CC0-88BF-09F8715824B2}
		{E9E1E388-72BC-4287-BC89-1DA0E64C8F0F} = {4D2D49E5-3B2B-4DE7-8AA8-0888E9EF0C93}
		{936AFA87-B642-4F7D-BEEA-916DE5B9C3E6} = {9AB2D55B-7D76-48DC-AEBB-328412F32ED1}
	EndGlobalSection
	GlobalSection(ExtensibilityGlobals) = postSolution
		SolutionGuid = {52D0D35D-37D4-496A-A81A-7BD8F9C3E8FF}
	EndGlobalSection
EndGlobal
