<?xml version="1.0" encoding="utf-8"?>
<Project ToolsVersion="4.0" xmlns="http://schemas.microsoft.com/developer/msbuild/2003">
  <ItemGroup>
    <Filter Include="소스 파일">
      <UniqueIdentifier>{4FC737F1-C7A5-4376-A066-2A32D752A2FF}</UniqueIdentifier>
      <Extensions>cpp;c;cc;cxx;def;odl;idl;hpj;bat;asm;asmx</Extensions>
    </Filter>
    <Filter Include="헤더 파일">
      <UniqueIdentifier>{93995380-89BD-4b04-88EB-625FBE52EBFB}</UniqueIdentifier>
      <Extensions>h;hh;hpp;hxx;hm;inl;inc;ipp;xsd</Extensions>
    </Filter>
    <Filter Include="LIB">
      <UniqueIdentifier>{530959f5-d39d-4b8d-929d-fa2682441cd8}</UniqueIdentifier>
    </Filter>
    <Filter Include="소스 파일\Media Server">
      <UniqueIdentifier>{27aa59d2-5731-4baf-88e4-6a3ae502c25e}</UniqueIdentifier>
    </Filter>
    <Filter Include="소스 파일\HttpServer">
      <UniqueIdentifier>{310d187b-5917-48f0-a7f0-2e31470cbcf7}</UniqueIdentifier>
    </Filter>
    <Filter Include="소스 파일\Media Server\FileManager">
      <UniqueIdentifier>{081c537d-b7fe-44c3-acf9-511133a722ef}</UniqueIdentifier>
    </Filter>
    <Filter Include="소스 파일\Media Server\Media">
      <UniqueIdentifier>{d6d5715f-e07b-44b5-bef4-1228ebbb288b}</UniqueIdentifier>
    </Filter>
    <Filter Include="소스 파일\Media Server\Media\Segmenter">
      <UniqueIdentifier>{af3cfd63-5bd6-454a-982a-58d13a97ff78}</UniqueIdentifier>
    </Filter>
    <Filter Include="소스 파일\리소스 파일">
      <UniqueIdentifier>{67DA6AB6-F800-4c08-8B7A-83BB121AAD01}</UniqueIdentifier>
      <Extensions>rc;ico;cur;bmp;dlg;rc2;rct;bin;rgs;gif;jpg;jpeg;jpe;resx;tiff;tif;png;wav;mfcribbon-ms</Extensions>
    </Filter>
  </ItemGroup>
  <ItemGroup>
    <ClCompile Include="..\segmenter\segmenter.c">
      <Filter>소스 파일</Filter>
    </ClCompile>
    <ClCompile Include="..\MediaServer-master\HLS\hls_client.cpp">
      <Filter>LIB</Filter>
    </ClCompile>
    <ClCompile Include="..\MediaServer-master\HLS\hls_server.cpp">
      <Filter>LIB</Filter>
    </ClCompile>
    <ClCompile Include="..\MediaServer-master\http\http_client.cpp">
      <Filter>LIB</Filter>
    </ClCompile>
    <ClCompile Include="..\MediaServer-master\http\http_server.cpp">
      <Filter>LIB</Filter>
    </ClCompile>
    <ClCompile Include="..\MediaServer-master\http\test.cpp">
      <Filter>LIB</Filter>
    </ClCompile>
    <ClCompile Include="..\MediaServer-master\http\test_client.cpp">
      <Filter>LIB</Filter>
    </ClCompile>
    <ClCompile Include="segmenter.c">
      <Filter>소스 파일</Filter>
    </ClCompile>
    <ClCompile Include="HttpServer.cpp">
      <Filter>소스 파일\HttpServer</Filter>
    </ClCompile>
    <ClCompile Include="main.cpp">
      <Filter>소스 파일</Filter>
    </ClCompile>
    <ClCompile Include="FileManager.cpp">
      <Filter>소스 파일\Media Server\FileManager</Filter>
    </ClCompile>
    <ClCompile Include="SourceManager.cpp">
      <Filter>소스 파일\Media Server\Media</Filter>
    </ClCompile>
    <ClCompile Include="SegmenterGroup.cpp">
      <Filter>소스 파일\Media Server\Media\Segmenter</Filter>
    </ClCompile>
    <ClCompile Include="FFSegmenter.cpp">
      <Filter>소스 파일\Media Server\Media\Segmenter</Filter>
    </ClCompile>
    <ClCompile Include="HLS_MediaServer.cpp">
      <Filter>소스 파일\Media Server\Media</Filter>
    </ClCompile>
    <ClCompile Include="..\Libs\HLS_Source\include\CommonInfo.cpp">
      <Filter>소스 파일</Filter>
    </ClCompile>
  </ItemGroup>
  <ItemGroup>
    <ClInclude Include="..\MediaServer-master\http\http_client.hpp">
      <Filter>LIB</Filter>
    </ClInclude>
    <ClInclude Include="HttpServer.h">
      <Filter>소스 파일\HttpServer</Filter>
    </ClInclude>
    <ClInclude Include="FileManager.h">
      <Filter>소스 파일\Media Server\FileManager</Filter>
    </ClInclude>
    <ClInclude Include="SourceManager.h">
      <Filter>소스 파일\Media Server\Media</Filter>
    </ClInclude>
    <ClInclude Include="SegmenterGroup.h">
      <Filter>소스 파일\Media Server\Media\Segmenter</Filter>
    </ClInclude>
    <ClInclude Include="FFSegmenter.h">
      <Filter>소스 파일\Media Server\Media\Segmenter</Filter>
    </ClInclude>
    <ClInclude Include="ISegmenter.hpp">
      <Filter>소스 파일\Media Server\Media\Segmenter</Filter>
    </ClInclude>
    <ClInclude Include="HLS_MediaServer.h">
      <Filter>소스 파일\Media Server\Media</Filter>
    </ClInclude>
    <ClInclude Include="..\MediaServer-master\http\http_server.hpp">
      <Filter>LIB</Filter>
    </ClInclude>
    <ClInclude Include="..\Libs\HLS_Source\include\CommonInfo.h">
      <Filter>헤더 파일</Filter>
    </ClInclude>
    <ClInclude Include="httplib.h">
      <Filter>헤더 파일</Filter>
    </ClInclude>
  </ItemGroup>
</Project>