<?xml version="1.0" encoding="utf-8"?>
<Project ToolsVersion="4.0" xmlns="http://schemas.microsoft.com/developer/msbuild/2003">
  <ItemGroup>
    <Filter Include="Source Files">
      <UniqueIdentifier>{4FC737F1-C7A5-4376-A066-2A32D752A2FF}</UniqueIdentifier>
      <Extensions>cpp;c;cc;cxx;def;odl;idl;hpj;bat;asm;asmx</Extensions>
    </Filter>
    <Filter Include="Header Files">
      <UniqueIdentifier>{93995380-89BD-4b04-88EB-625FBE52EBFB}</UniqueIdentifier>
      <Extensions>h;hh;hpp;hxx;hm;inl;inc;ipp;xsd</Extensions>
    </Filter>
    <Filter Include="Resource Files">
      <UniqueIdentifier>{67DA6AB6-F800-4c08-8B7A-83BB121AAD01}</UniqueIdentifier>
      <Extensions>rc;ico;cur;bmp;dlg;rc2;rct;bin;rgs;gif;jpg;jpeg;jpe;resx;tiff;tif;png;wav;mfcribbon-ms</Extensions>
    </Filter>
    <Filter Include="Sample1">
      <UniqueIdentifier>{c27b863d-6acf-4b39-8c39-8bfe30dc5fc2}</UniqueIdentifier>
    </Filter>
    <Filter Include="Sample1\Header">
      <UniqueIdentifier>{a1fc1633-822c-4ec5-8448-f5cc04d52860}</UniqueIdentifier>
    </Filter>
    <Filter Include="Sample1\Source">
      <UniqueIdentifier>{896783ca-1d66-4db5-ab6f-23f84e76c942}</UniqueIdentifier>
    </Filter>
    <Filter Include="Sample2_Good">
      <UniqueIdentifier>{d4bc9fca-c747-4c59-ba26-a26750a236cd}</UniqueIdentifier>
    </Filter>
  </ItemGroup>
  <ItemGroup>
    <ClInclude Include="rtsp-server-master\base64.h">
      <Filter>Sample1\Header</Filter>
    </ClInclude>
    <ClInclude Include="rtsp-server-master\BitReader.h">
      <Filter>Sample1\Header</Filter>
    </ClInclude>
    <ClInclude Include="rtsp-server-master\configData.h">
      <Filter>Sample1\Header</Filter>
    </ClInclude>
    <ClInclude Include="rtsp-server-master\fileHander.h">
      <Filter>Sample1\Header</Filter>
    </ClInclude>
    <ClInclude Include="rtsp-server-master\fileParser.h">
      <Filter>Sample1\Header</Filter>
    </ClInclude>
    <ClInclude Include="rtsp-server-master\flvFileSinker.h">
      <Filter>Sample1\Header</Filter>
    </ClInclude>
    <ClInclude Include="rtsp-server-master\flvFormat.h">
      <Filter>Sample1\Header</Filter>
    </ClInclude>
    <ClInclude Include="rtsp-server-master\flvIdx.h">
      <Filter>Sample1\Header</Filter>
    </ClInclude>
    <ClInclude Include="rtsp-server-master\flvParser.h">
      <Filter>Sample1\Header</Filter>
    </ClInclude>
    <ClInclude Include="rtsp-server-master\FlvVideoFileStreamSource.h">
      <Filter>Sample1\Header</Filter>
    </ClInclude>
    <ClInclude Include="rtsp-server-master\flvWriter.h">
      <Filter>Sample1\Header</Filter>
    </ClInclude>
    <ClInclude Include="rtsp-server-master\h264FileParser.h">
      <Filter>Sample1\Header</Filter>
    </ClInclude>
    <ClInclude Include="rtsp-server-master\h264RtspLiveSinkerSource.h">
      <Filter>Sample1\Header</Filter>
    </ClInclude>
    <ClInclude Include="rtsp-server-master\H264VideoFileStreamSource.h">
      <Filter>Sample1\Header</Filter>
    </ClInclude>
    <ClInclude Include="rtsp-server-master\h264write.h">
      <Filter>Sample1\Header</Filter>
    </ClInclude>
    <ClInclude Include="rtsp-server-master\json11.hpp">
      <Filter>Sample1\Header</Filter>
    </ClInclude>
    <ClInclude Include="rtsp-server-master\localFileReader.h">
      <Filter>Sample1\Header</Filter>
    </ClInclude>
    <ClInclude Include="rtsp-server-master\log4z.h">
      <Filter>Sample1\Header</Filter>
    </ClInclude>
    <ClInclude Include="rtsp-server-master\MP4FileSinker.h">
      <Filter>Sample1\Header</Filter>
    </ClInclude>
    <ClInclude Include="rtsp-server-master\mp4FileStream.h">
      <Filter>Sample1\Header</Filter>
    </ClInclude>
    <ClInclude Include="pch.h">
      <Filter>Sample1\Header</Filter>
    </ClInclude>
    <ClInclude Include="rtsp-server-master\realtimeSinker.h">
      <Filter>Sample1\Header</Filter>
    </ClInclude>
    <ClInclude Include="rtsp-server-master\resource.h">
      <Filter>Sample1\Header</Filter>
    </ClInclude>
    <ClInclude Include="rtsp-server-master\RTCP.h">
      <Filter>Sample1\Header</Filter>
    </ClInclude>
    <ClInclude Include="rtsp-server-master\RTCP_Process.h">
      <Filter>Sample1\Header</Filter>
    </ClInclude>
    <ClInclude Include="rtsp-server-master\RTP.h">
      <Filter>Sample1\Header</Filter>
    </ClInclude>
    <ClInclude Include="rtsp-server-master\RTPReceptionStats.h">
      <Filter>Sample1\Header</Filter>
    </ClInclude>
    <ClInclude Include="rtsp-server-master\RTSP.h">
      <Filter>Sample1\Header</Filter>
    </ClInclude>
    <ClInclude Include="rtsp-server-master\RTSP_server.h">
      <Filter>Sample1\Header</Filter>
    </ClInclude>
    <ClInclude Include="rtsp-server-master\rtspClientSource.h">
      <Filter>Sample1\Header</Filter>
    </ClInclude>
    <ClInclude Include="rtsp-server-master\socket_type.h">
      <Filter>Sample1\Header</Filter>
    </ClInclude>
    <ClInclude Include="rtsp-server-master\socketEvent.h">
      <Filter>Sample1\Header</Filter>
    </ClInclude>
    <ClInclude Include="rtsp-server-master\streamSource.h">
      <Filter>Sample1\Header</Filter>
    </ClInclude>
    <ClInclude Include="rtsp-server-master\task_executor.h">
      <Filter>Sample1\Header</Filter>
    </ClInclude>
    <ClInclude Include="rtsp-server-master\task_json.h">
      <Filter>Sample1\Header</Filter>
    </ClInclude>
    <ClInclude Include="rtsp-server-master\task_RTCP_message.h">
      <Filter>Sample1\Header</Filter>
    </ClInclude>
    <ClInclude Include="rtsp-server-master\task_schedule_obj.h">
      <Filter>Sample1\Header</Filter>
    </ClInclude>
    <ClInclude Include="rtsp-server-master\task_stream_file.h">
      <Filter>Sample1\Header</Filter>
    </ClInclude>
    <ClInclude Include="rtsp-server-master\task_stream_stop.h">
      <Filter>Sample1\Header</Filter>
    </ClInclude>
    <ClInclude Include="rtsp-server-master\taskJsonStructs.h">
      <Filter>Sample1\Header</Filter>
    </ClInclude>
    <ClInclude Include="rtsp-server-master\taskManagerSinker.h">
      <Filter>Sample1\Header</Filter>
    </ClInclude>
    <ClInclude Include="rtsp-server-master\taskRtspLivingExist.h">
      <Filter>Sample1\Header</Filter>
    </ClInclude>
    <ClInclude Include="rtsp-server-master\taskSchedule.h">
      <Filter>Sample1\Header</Filter>
    </ClInclude>
    <ClInclude Include="rtsp-server-master\taskSendRtspResbData.h">
      <Filter>Sample1\Header</Filter>
    </ClInclude>
    <ClInclude Include="rtsp-server-master\taskStreamRtspLiving.h">
      <Filter>Sample1\Header</Filter>
    </ClInclude>
    <ClInclude Include="rtsp-server-master\TCP_ConnectingManager.h">
      <Filter>Sample1\Header</Filter>
    </ClInclude>
    <ClInclude Include="rtsp-server-master\tcpCacher.h">
      <Filter>Sample1\Header</Filter>
    </ClInclude>
    <ClInclude Include="rtsp-server-master\Template.h">
      <Filter>Sample1\Header</Filter>
    </ClInclude>
    <ClInclude Include="rtsp-server-master\util.h">
      <Filter>Sample1\Header</Filter>
    </ClInclude>
    <ClInclude Include="Sample2_Good\AlsaAACDevFramedSource.h">
      <Filter>Sample2_Good</Filter>
    </ClInclude>
    <ClInclude Include="Sample2_Good\AlsaAACDevMulticastServerMediaSubsession.h">
      <Filter>Sample2_Good</Filter>
    </ClInclude>
    <ClInclude Include="Sample2_Good\AlsaAACDevUnicastServerMediaSubsession.h">
      <Filter>Sample2_Good</Filter>
    </ClInclude>
    <ClInclude Include="Sample2_Good\AlsaDevFramedSource.h">
      <Filter>Sample2_Good</Filter>
    </ClInclude>
    <ClInclude Include="Sample2_Good\DevFramedSource.h">
      <Filter>Sample2_Good</Filter>
    </ClInclude>
    <ClInclude Include="Sample2_Good\DevMulticastServerMediaSubsession.h">
      <Filter>Sample2_Good</Filter>
    </ClInclude>
    <ClInclude Include="Sample2_Good\DevUnicastServerMediaSubsession.h">
      <Filter>Sample2_Good</Filter>
    </ClInclude>
    <ClInclude Include="Sample2_Good\MulticastServerMediaSubsession.h">
      <Filter>Sample2_Good</Filter>
    </ClInclude>
    <ClInclude Include="Sample2_Good\UnicastServerMediaSubsession.h">
      <Filter>Sample2_Good</Filter>
    </ClInclude>
    <ClInclude Include="Sample2_Good\V4l2.h">
      <Filter>Sample2_Good</Filter>
    </ClInclude>
    <ClInclude Include="Sample2_Good\V4l2DevFramedSource.h">
      <Filter>Sample2_Good</Filter>
    </ClInclude>
    <ClInclude Include="Sample2_Good\V4l2H264DevFramedSource.h">
      <Filter>Sample2_Good</Filter>
    </ClInclude>
    <ClInclude Include="Sample2_Good\V4l2H264DevMulticastServerMediaSubsession.h">
      <Filter>Sample2_Good</Filter>
    </ClInclude>
    <ClInclude Include="Sample2_Good\V4l2H264DevUnicastServerMediaSubsession.h">
      <Filter>Sample2_Good</Filter>
    </ClInclude>
    <ClInclude Include="unistd.h">
      <Filter>Sample2_Good</Filter>
    </ClInclude>
    <ClInclude Include="getopt.h">
      <Filter>Sample2_Good</Filter>
    </ClInclude>
  </ItemGroup>
  <ItemGroup>
    <ClCompile Include="rtsp-server-master\add_RTSP_out_buffer.cpp">
      <Filter>Sample1\Source</Filter>
    </ClCompile>
    <ClCompile Include="rtsp-server-master\base64.cpp">
      <Filter>Sample1\Source</Filter>
    </ClCompile>
    <ClCompile Include="rtsp-server-master\BitReader.cpp">
      <Filter>Sample1\Source</Filter>
    </ClCompile>
    <ClCompile Include="rtsp-server-master\configData.cpp">
      <Filter>Sample1\Source</Filter>
    </ClCompile>
    <ClCompile Include="rtsp-server-master\convert_timeval_RTP_time.cpp">
      <Filter>Sample1\Source</Filter>
    </ClCompile>
    <ClCompile Include="rtsp-server-master\fileHander.cpp">
      <Filter>Sample1\Source</Filter>
    </ClCompile>
    <ClCompile Include="rtsp-server-master\fileParser.cpp">
      <Filter>Sample1\Source</Filter>
    </ClCompile>
    <ClCompile Include="rtsp-server-master\flvFileSinker.cpp">
      <Filter>Sample1\Source</Filter>
    </ClCompile>
    <ClCompile Include="rtsp-server-master\flvFormat.cpp">
      <Filter>Sample1\Source</Filter>
    </ClCompile>
    <ClCompile Include="rtsp-server-master\flvIdx.cpp">
      <Filter>Sample1\Source</Filter>
    </ClCompile>
    <ClCompile Include="rtsp-server-master\flvParser.cpp">
      <Filter>Sample1\Source</Filter>
    </ClCompile>
    <ClCompile Include="rtsp-server-master\FlvVideoFileStreamSource.cpp">
      <Filter>Sample1\Source</Filter>
    </ClCompile>
    <ClCompile Include="rtsp-server-master\flvWriter.cpp">
      <Filter>Sample1\Source</Filter>
    </ClCompile>
    <ClCompile Include="rtsp-server-master\generate_SDP_description.cpp">
      <Filter>Sample1\Source</Filter>
    </ClCompile>
    <ClCompile Include="rtsp-server-master\get_stat.cpp">
      <Filter>Sample1\Source</Filter>
    </ClCompile>
    <ClCompile Include="rtsp-server-master\h264FileParser.cpp">
      <Filter>Sample1\Source</Filter>
    </ClCompile>
    <ClCompile Include="rtsp-server-master\h264RtspLiveSinkerSource.cpp">
      <Filter>Sample1\Source</Filter>
    </ClCompile>
    <ClCompile Include="rtsp-server-master\H264VideoFileStreamSource.cpp">
      <Filter>Sample1\Source</Filter>
    </ClCompile>
    <ClCompile Include="rtsp-server-master\h264write.cpp">
      <Filter>Sample1\Source</Filter>
    </ClCompile>
    <ClCompile Include="rtsp-server-master\json11.cpp">
      <Filter>Sample1\Source</Filter>
    </ClCompile>
    <ClCompile Include="rtsp-server-master\LocalFileReader.cpp">
      <Filter>Sample1\Source</Filter>
    </ClCompile>
    <ClCompile Include="rtsp-server-master\log4z.cpp">
      <Filter>Sample1\Source</Filter>
    </ClCompile>
    <ClCompile Include="rtsp-server-master\main.cpp">
      <Filter>Sample1\Source</Filter>
    </ClCompile>
    <ClCompile Include="rtsp-server-master\MP4FileSinker.cpp">
      <Filter>Sample1\Source</Filter>
    </ClCompile>
    <ClCompile Include="rtsp-server-master\mp4FileStream.cpp">
      <Filter>Sample1\Source</Filter>
    </ClCompile>
    <ClCompile Include="rtsp-server-master\parse_url.cpp">
      <Filter>Sample1\Source</Filter>
    </ClCompile>
    <ClCompile Include="pch.cpp">
      <Filter>Sample1\Source</Filter>
    </ClCompile>
    <ClCompile Include="rtsp-server-master\ReadWriteLock.cpp">
      <Filter>Sample1\Source</Filter>
    </ClCompile>
    <ClCompile Include="rtsp-server-master\realtimeSinker.cpp">
      <Filter>Sample1\Source</Filter>
    </ClCompile>
    <ClCompile Include="rtsp-server-master\RTCP_Process.cpp">
      <Filter>Sample1\Source</Filter>
    </ClCompile>
    <ClCompile Include="rtsp-server-master\RTP.cpp">
      <Filter>Sample1\Source</Filter>
    </ClCompile>
    <ClCompile Include="rtsp-server-master\RTP_RTCP_UDP.cpp">
      <Filter>Sample1\Source</Filter>
    </ClCompile>
    <ClCompile Include="rtsp-server-master\RTPReceptionStats.cpp">
      <Filter>Sample1\Source</Filter>
    </ClCompile>
    <ClCompile Include="rtsp-server-master\RTSP_buffer.cpp">
      <Filter>Sample1\Source</Filter>
    </ClCompile>
    <ClCompile Include="rtsp-server-master\RTSP_DESCRIBE.cpp">
      <Filter>Sample1\Source</Filter>
    </ClCompile>
    <ClCompile Include="rtsp-server-master\RTSP_OPTIONS.cpp">
      <Filter>Sample1\Source</Filter>
    </ClCompile>
    <ClCompile Include="rtsp-server-master\RTSP_PAUSE.cpp">
      <Filter>Sample1\Source</Filter>
    </ClCompile>
    <ClCompile Include="rtsp-server-master\RTSP_PLAY.cpp">
      <Filter>Sample1\Source</Filter>
    </ClCompile>
    <ClCompile Include="rtsp-server-master\RTSP_Server.cpp">
      <Filter>Sample1\Source</Filter>
    </ClCompile>
    <ClCompile Include="rtsp-server-master\RTSP_SETUP.cpp">
      <Filter>Sample1\Source</Filter>
    </ClCompile>
    <ClCompile Include="rtsp-server-master\RTSP_state_machine.cpp">
      <Filter>Sample1\Source</Filter>
    </ClCompile>
    <ClCompile Include="rtsp-server-master\RTSP_TEARDOWN.cpp">
      <Filter>Sample1\Source</Filter>
    </ClCompile>
    <ClCompile Include="rtsp-server-master\rtspClientSource.cpp">
      <Filter>Sample1\Source</Filter>
    </ClCompile>
    <ClCompile Include="rtsp-server-master\socket_type.cpp">
      <Filter>Sample1\Source</Filter>
    </ClCompile>
    <ClCompile Include="rtsp-server-master\socketEvent_linux.cpp">
      <Filter>Sample1\Source</Filter>
    </ClCompile>
    <ClCompile Include="rtsp-server-master\socketEvent_wnd.cpp">
      <Filter>Sample1\Source</Filter>
    </ClCompile>
    <ClCompile Include="rtsp-server-master\streamSource.cpp">
      <Filter>Sample1\Source</Filter>
    </ClCompile>
    <ClCompile Include="rtsp-server-master\supported_file_stuffix.cpp">
      <Filter>Sample1\Source</Filter>
    </ClCompile>
    <ClCompile Include="rtsp-server-master\task_executor.cpp">
      <Filter>Sample1\Source</Filter>
    </ClCompile>
    <ClCompile Include="rtsp-server-master\task_json.cpp">
      <Filter>Sample1\Source</Filter>
    </ClCompile>
    <ClCompile Include="rtsp-server-master\task_RTCP_message.cpp">
      <Filter>Sample1\Source</Filter>
    </ClCompile>
    <ClCompile Include="rtsp-server-master\task_schedule_obj.cpp">
      <Filter>Sample1\Source</Filter>
    </ClCompile>
    <ClCompile Include="rtsp-server-master\task_stream_file.cpp">
      <Filter>Sample1\Source</Filter>
    </ClCompile>
    <ClCompile Include="rtsp-server-master\task_stream_stop.cpp">
      <Filter>Sample1\Source</Filter>
    </ClCompile>
    <ClCompile Include="rtsp-server-master\taskJsonCallback.cpp">
      <Filter>Sample1\Source</Filter>
    </ClCompile>
    <ClCompile Include="rtsp-server-master\taskJsonStructs.cpp">
      <Filter>Sample1\Source</Filter>
    </ClCompile>
    <ClCompile Include="rtsp-server-master\taskManagerSinker.cpp">
      <Filter>Sample1\Source</Filter>
    </ClCompile>
    <ClCompile Include="rtsp-server-master\taskRtspLivingExist.cpp">
      <Filter>Sample1\Source</Filter>
    </ClCompile>
    <ClCompile Include="rtsp-server-master\taskRtspLivingMediaType.cpp">
      <Filter>Sample1\Source</Filter>
    </ClCompile>
    <ClCompile Include="rtsp-server-master\taskRtspLivingSdp.cpp">
      <Filter>Sample1\Source</Filter>
    </ClCompile>
    <ClCompile Include="rtsp-server-master\taskSchedule.cpp">
      <Filter>Sample1\Source</Filter>
    </ClCompile>
    <ClCompile Include="rtsp-server-master\taskScheduleJson.cpp">
      <Filter>Sample1\Source</Filter>
    </ClCompile>
    <ClCompile Include="rtsp-server-master\taskSendRtspResbData.cpp">
      <Filter>Sample1\Source</Filter>
    </ClCompile>
    <ClCompile Include="rtsp-server-master\taskStreamRtspLiving.cpp">
      <Filter>Sample1\Source</Filter>
    </ClCompile>
    <ClCompile Include="rtsp-server-master\TCP_ConnectingManager.cpp">
      <Filter>Sample1\Source</Filter>
    </ClCompile>
    <ClCompile Include="rtsp-server-master\tcpCacher.cpp">
      <Filter>Sample1\Source</Filter>
    </ClCompile>
    <ClCompile Include="rtsp-server-master\tcpCacherManager.cpp">
      <Filter>Sample1\Source</Filter>
    </ClCompile>
    <ClCompile Include="rtsp-server-master\util.cpp">
      <Filter>Sample1\Source</Filter>
    </ClCompile>
    <ClCompile Include="Sample2_Good\AlsaAACDevFramedSource.cpp">
      <Filter>Sample2_Good</Filter>
    </ClCompile>
    <ClCompile Include="Sample2_Good\AlsaAACDevMulticastServerMediaSubsession.cpp">
      <Filter>Sample2_Good</Filter>
    </ClCompile>
    <ClCompile Include="Sample2_Good\AlsaAACDevUnicastServerMediaSubsession.cpp">
      <Filter>Sample2_Good</Filter>
    </ClCompile>
    <ClCompile Include="Sample2_Good\AlsaDevFramedSource.cpp">
      <Filter>Sample2_Good</Filter>
    </ClCompile>
    <ClCompile Include="Sample2_Good\DevFramedSource.cpp">
      <Filter>Sample2_Good</Filter>
    </ClCompile>
    <ClCompile Include="Sample2_Good\DevMulticastServerMediaSubsession.cpp">
      <Filter>Sample2_Good</Filter>
    </ClCompile>
    <ClCompile Include="Sample2_Good\DevUnicastServerMediaSubsession.cpp">
      <Filter>Sample2_Good</Filter>
    </ClCompile>
    <ClCompile Include="Sample2_Good\Main.cpp">
      <Filter>Sample2_Good</Filter>
    </ClCompile>
    <ClCompile Include="Sample2_Good\MulticastServerMediaSubsession.cpp">
      <Filter>Sample2_Good</Filter>
    </ClCompile>
    <ClCompile Include="Sample2_Good\UnicastServerMediaSubsession.cpp">
      <Filter>Sample2_Good</Filter>
    </ClCompile>
    <ClCompile Include="Sample2_Good\V4l2.cpp">
      <Filter>Sample2_Good</Filter>
    </ClCompile>
    <ClCompile Include="Sample2_Good\V4l2DevFramedSource.cpp">
      <Filter>Sample2_Good</Filter>
    </ClCompile>
    <ClCompile Include="Sample2_Good\V4l2H264DevFramedSource.cpp">
      <Filter>Sample2_Good</Filter>
    </ClCompile>
    <ClCompile Include="Sample2_Good\V4l2H264DevMulticastServerMediaSubsession.cpp">
      <Filter>Sample2_Good</Filter>
    </ClCompile>
    <ClCompile Include="Sample2_Good\V4l2H264DevUnicastServerMediaSubsession.cpp">
      <Filter>Sample2_Good</Filter>
    </ClCompile>
    <ClCompile Include="getopt.cpp">
      <Filter>Sample2_Good</Filter>
    </ClCompile>
  </ItemGroup>
  <ItemGroup>
    <None Include="rtsp-server-master\config.json" />
  </ItemGroup>
</Project>